
Microsoft Visual Studio Solution File, Format Version 12.00
# Visual Studio 14
VisualStudioVersion = 14.0.25420.1
MinimumVisualStudioVersion = 10.0.40219.1
Project("{8BC9CEB8-8B4A-11D0-8D11-00A0C91BC942}") = "Cliente", "UDP\UDP.vcxproj", "{5CA26256-24C7-488D-A8E6-D7D292896011}"
EndProject
Project("{8BC9CEB8-8B4A-11D0-8D11-00A0C91BC942}") = "Servidor", "Servidor\Servidor.vcxproj", "{86B0CB5F-8E1B-4361-9E8E-457ABD8E6BDE}"
EndProject
Global
	GlobalSection(SolutionConfigurationPlatforms) = preSolution
		Debug|x64 = Debug|x64
		Debug|x86 = Debug|x86
		Release|x64 = Release|x64
		Release|x86 = Release|x86
	EndGlobalSection
	GlobalSection(ProjectConfigurationPlatforms) = postSolution
		{5CA26256-24C7-488D-A8E6-D7D292896011}.Debug|x64.ActiveCfg = Debug|x64
		{5CA26256-24C7-488D-A8E6-D7D292896011}.Debug|x64.Build.0 = Debug|x64
		{5CA26256-24C7-488D-A8E6-D7D292896011}.Debug|x86.ActiveCfg = Debug|Win32
		{5CA26256-24C7-488D-A8E6-D7D292896011}.Debug|x86.Build.0 = Debug|Win32
		{5CA26256-24C7-488D-A8E6-D7D292896011}.Release|x64.ActiveCfg = Release|x64
		{5CA26256-24C7-488D-A8E6-D7D292896011}.Release|x64.Build.0 = Release|x64
		{5CA26256-24C7-488D-A8E6-D7D292896011}.Release|x86.ActiveCfg = Release|Win32
		{5CA26256-24C7-488D-A8E6-D7D292896011}.Release|x86.Build.0 = Release|Win32
		{86B0CB5F-8E1B-4361-9E8E-457ABD8E6BDE}.Debug|x64.ActiveCfg = Debug|x64
		{86B0CB5F-8E1B-4361-9E8E-457ABD8E6BDE}.Debug|x64.Build.0 = Debug|x64
		{86B0CB5F-8E1B-4361-9E8E-457ABD8E6BDE}.Debug|x86.ActiveCfg = Debug|Win32
		{86B0CB5F-8E1B-4361-9E8E-457ABD8E6BDE}.Debug|x86.Build.0 = Debug|Win32
		{86B0CB5F-8E1B-4361-9E8E-457ABD8E6BDE}.Release|x64.ActiveCfg = Release|x64
		{86B0CB5F-8E1B-4361-9E8E-457ABD8E6BDE}.Release|x64.Build.0 = Release|x64
		{86B0CB5F-8E1B-4361-9E8E-457ABD8E6BDE}.Release|x86.ActiveCfg = Release|Win32
		{86B0CB5F-8E1B-4361-9E8E-457ABD8E6BDE}.Release|x86.Build.0 = Release|Win32
	EndGlobalSection
	GlobalSection(SolutionProperties) = preSolution
		HideSolutionNode = FALSE
	EndGlobalSection
EndGlobal
